
Microsoft Visual Studio Solution File, Format Version 12.00
# Visual Studio Version 16
VisualStudioVersion = 16.0.28407.52
MinimumVisualStudioVersion = 10.0.40219.1
Project("{9A19103F-16F7-4668-BE54-9A1E7A4F7556}") = "SacaDev.Muse", "Muse\SacaDev.Muse.csproj", "{DC9CC950-FB1B-4837-B909-4A0388ADC95C}"
EndProject
Project("{9A19103F-16F7-4668-BE54-9A1E7A4F7556}") = "SacaDev.Muse.Test", "Muse.Test\SacaDev.Muse.Test.csproj", "{4500684F-AF08-4E73-B6DB-EC83DDA2CE8E}"
EndProject
Project("{9A19103F-16F7-4668-BE54-9A1E7A4F7556}") = "SacaDev.Muse.Cli", "Muse.Cli\SacaDev.Muse.Cli.csproj", "{96D2C053-32DF-4C86-826F-124DF310B39B}"
EndProject
Project("{9A19103F-16F7-4668-BE54-9A1E7A4F7556}") = "OscParser", "OscParser\OscParser.csproj", "{7B89A430-015A-4504-8B8D-6595FD03249D}"
EndProject
Project("{2150E333-8FDC-42A3-9474-1A3956D46DE8}") = "Solution Items", "Solution Items", "{76AE28D4-E6DA-4F8D-B7FD-B616F45F4C5D}"
	ProjectSection(SolutionItems) = preProject
		README.md = README.md
	EndProjectSection
EndProject
Project("{9A19103F-16F7-4668-BE54-9A1E7A4F7556}") = "SacaDev.Muse.Test.Mock", "Muse.Test.Mock\SacaDev.Muse.Test.Mock.csproj", "{4A4B8D02-9D34-4FD8-B683-755402DB0A28}"
EndProject
Global
	GlobalSection(SolutionConfigurationPlatforms) = preSolution
		Debug|Any CPU = Debug|Any CPU
		Release|Any CPU = Release|Any CPU
	EndGlobalSection
	GlobalSection(ProjectConfigurationPlatforms) = postSolution
		{DC9CC950-FB1B-4837-B909-4A0388ADC95C}.Debug|Any CPU.ActiveCfg = Debug|Any CPU
		{DC9CC950-FB1B-4837-B909-4A0388ADC95C}.Debug|Any CPU.Build.0 = Debug|Any CPU
		{DC9CC950-FB1B-4837-B909-4A0388ADC95C}.Release|Any CPU.ActiveCfg = Release|Any CPU
		{DC9CC950-FB1B-4837-B909-4A0388ADC95C}.Release|Any CPU.Build.0 = Release|Any CPU
		{4500684F-AF08-4E73-B6DB-EC83DDA2CE8E}.Debug|Any CPU.ActiveCfg = Debug|Any CPU
		{4500684F-AF08-4E73-B6DB-EC83DDA2CE8E}.Debug|Any CPU.Build.0 = Debug|Any CPU
		{4500684F-AF08-4E73-B6DB-EC83DDA2CE8E}.Release|Any CPU.ActiveCfg = Release|Any CPU
		{4500684F-AF08-4E73-B6DB-EC83DDA2CE8E}.Release|Any CPU.Build.0 = Release|Any CPU
		{96D2C053-32DF-4C86-826F-124DF310B39B}.Debug|Any CPU.ActiveCfg = Debug|Any CPU
		{96D2C053-32DF-4C86-826F-124DF310B39B}.Debug|Any CPU.Build.0 = Debug|Any CPU
		{96D2C053-32DF-4C86-826F-124DF310B39B}.Release|Any CPU.ActiveCfg = Release|Any CPU
		{96D2C053-32DF-4C86-826F-124DF310B39B}.Release|Any CPU.Build.0 = Release|Any CPU
		{7B89A430-015A-4504-8B8D-6595FD03249D}.Debug|Any CPU.ActiveCfg = Debug|Any CPU
		{7B89A430-015A-4504-8B8D-6595FD03249D}.Debug|Any CPU.Build.0 = Debug|Any CPU
		{7B89A430-015A-4504-8B8D-6595FD03249D}.Release|Any CPU.ActiveCfg = Release|Any CPU
		{7B89A430-015A-4504-8B8D-6595FD03249D}.Release|Any CPU.Build.0 = Release|Any CPU
		{4A4B8D02-9D34-4FD8-B683-755402DB0A28}.Debug|Any CPU.ActiveCfg = Debug|Any CPU
		{4A4B8D02-9D34-4FD8-B683-755402DB0A28}.Debug|Any CPU.Build.0 = Debug|Any CPU
		{4A4B8D02-9D34-4FD8-B683-755402DB0A28}.Release|Any CPU.ActiveCfg = Release|Any CPU
		{4A4B8D02-9D34-4FD8-B683-755402DB0A28}.Release|Any CPU.Build.0 = Release|Any CPU
	EndGlobalSection
	GlobalSection(SolutionProperties) = preSolution
		HideSolutionNode = FALSE
	EndGlobalSection
	GlobalSection(ExtensibilityGlobals) = postSolution
		SolutionGuid = {5AEF5346-F222-4FFE-8BBA-A750B1F9DAE7}
	EndGlobalSection
EndGlobal
